// !$*UTF8*$!
{
	archiveVersion = 1;
	classes = {
	};
	objectVersion = 46;
	objects = {

/* Begin PBXBuildFile section */
		16F361FA1B54D2CE0052DECA /* AppDelegate.swift in Sources */ = {isa = PBXBuildFile; fileRef = 16F361F91B54D2CE0052DECA /* AppDelegate.swift */; };
		16F362011B54D2CE0052DECA /* Images.xcassets in Resources */ = {isa = PBXBuildFile; fileRef = 16F362001B54D2CE0052DECA /* Images.xcassets */; };
		16F362041B54D2CE0052DECA /* LaunchScreen.xib in Resources */ = {isa = PBXBuildFile; fileRef = 16F362021B54D2CE0052DECA /* LaunchScreen.xib */; };
		16F362101B54D2CE0052DECA /* AutoSwipeTests.swift in Sources */ = {isa = PBXBuildFile; fileRef = 16F3620F1B54D2CE0052DECA /* AutoSwipeTests.swift */; };
		16F3621D1B54D4700052DECA /* HomeViewController.swift in Sources */ = {isa = PBXBuildFile; fileRef = 16F362191B54D4700052DECA /* HomeViewController.swift */; };
		16F3621E1B54D4700052DECA /* HomeViewController.xib in Resources */ = {isa = PBXBuildFile; fileRef = 16F3621A1B54D4700052DECA /* HomeViewController.xib */; };
		16F362201B54D4700052DECA /* Card.swift in Sources */ = {isa = PBXBuildFile; fileRef = 16F3621C1B54D4700052DECA /* Card.swift */; };
/* End PBXBuildFile section */

/* Begin PBXContainerItemProxy section */
		16F3620A1B54D2CE0052DECA /* PBXContainerItemProxy */ = {
			isa = PBXContainerItemProxy;
			containerPortal = 16F361EC1B54D2CE0052DECA /* Project object */;
			proxyType = 1;
			remoteGlobalIDString = 16F361F31B54D2CE0052DECA;
			remoteInfo = AutoSwipe;
		};
/* End PBXContainerItemProxy section */

/* Begin PBXFileReference section */
		16F361F41B54D2CE0052DECA /* AutoSwipe.app */ = {isa = PBXFileReference; explicitFileType = wrapper.application; includeInIndex = 0; path = AutoSwipe.app; sourceTree = BUILT_PRODUCTS_DIR; };
		16F361F81B54D2CE0052DECA /* Info.plist */ = {isa = PBXFileReference; lastKnownFileType = text.plist.xml; path = Info.plist; sourceTree = "<group>"; };
		16F361F91B54D2CE0052DECA /* AppDelegate.swift */ = {isa = PBXFileReference; lastKnownFileType = sourcecode.swift; path = AppDelegate.swift; sourceTree = "<group>"; };
		16F362001B54D2CE0052DECA /* Images.xcassets */ = {isa = PBXFileReference; lastKnownFileType = folder.assetcatalog; path = Images.xcassets; sourceTree = "<group>"; };
		16F362031B54D2CE0052DECA /* Base */ = {isa = PBXFileReference; lastKnownFileType = file.xib; name = Base; path = Base.lproj/LaunchScreen.xib; sourceTree = "<group>"; };
		16F362091B54D2CE0052DECA /* AutoSwipeTests.xctest */ = {isa = PBXFileReference; explicitFileType = wrapper.cfbundle; includeInIndex = 0; path = AutoSwipeTests.xctest; sourceTree = BUILT_PRODUCTS_DIR; };
		16F3620E1B54D2CE0052DECA /* Info.plist */ = {isa = PBXFileReference; lastKnownFileType = text.plist.xml; path = Info.plist; sourceTree = "<group>"; };
		16F3620F1B54D2CE0052DECA /* AutoSwipeTests.swift */ = {isa = PBXFileReference; lastKnownFileType = sourcecode.swift; path = AutoSwipeTests.swift; sourceTree = "<group>"; };
		16F362191B54D4700052DECA /* HomeViewController.swift */ = {isa = PBXFileReference; fileEncoding = 4; lastKnownFileType = sourcecode.swift; path = HomeViewController.swift; sourceTree = "<group>"; };
		16F3621A1B54D4700052DECA /* HomeViewController.xib */ = {isa = PBXFileReference; fileEncoding = 4; lastKnownFileType = file.xib; path = HomeViewController.xib; sourceTree = "<group>"; };
		16F3621C1B54D4700052DECA /* Card.swift */ = {isa = PBXFileReference; fileEncoding = 4; lastKnownFileType = sourcecode.swift; path = Card.swift; sourceTree = "<group>"; };
/* End PBXFileReference section */

/* Begin PBXFrameworksBuildPhase section */
		16F361F11B54D2CE0052DECA /* Frameworks */ = {
			isa = PBXFrameworksBuildPhase;
			buildActionMask = 2147483647;
			files = (
			);
			runOnlyForDeploymentPostprocessing = 0;
		};
		16F362061B54D2CE0052DECA /* Frameworks */ = {
			isa = PBXFrameworksBuildPhase;
			buildActionMask = 2147483647;
			files = (
			);
			runOnlyForDeploymentPostprocessing = 0;
		};
/* End PBXFrameworksBuildPhase section */

/* Begin PBXGroup section */
		16F361EB1B54D2CE0052DECA = {
			isa = PBXGroup;
			children = (
				16F361F61B54D2CE0052DECA /* AutoSwipe */,
				16F3620C1B54D2CE0052DECA /* AutoSwipeTests */,
				16F361F51B54D2CE0052DECA /* Products */,
			);
			sourceTree = "<group>";
		};
		16F361F51B54D2CE0052DECA /* Products */ = {
			isa = PBXGroup;
			children = (
				16F361F41B54D2CE0052DECA /* AutoSwipe.app */,
				16F362091B54D2CE0052DECA /* AutoSwipeTests.xctest */,
			);
			name = Products;
			sourceTree = "<group>";
		};
		16F361F61B54D2CE0052DECA /* AutoSwipe */ = {
			isa = PBXGroup;
			children = (
				16F362191B54D4700052DECA /* HomeViewController.swift */,
				16F3621A1B54D4700052DECA /* HomeViewController.xib */,
				16F3621C1B54D4700052DECA /* Card.swift */,
				16F361F91B54D2CE0052DECA /* AppDelegate.swift */,
				16F362001B54D2CE0052DECA /* Images.xcassets */,
				16F362021B54D2CE0052DECA /* LaunchScreen.xib */,
				16F361F71B54D2CE0052DECA /* Supporting Files */,
			);
			path = AutoSwipe;
			sourceTree = "<group>";
		};
		16F361F71B54D2CE0052DECA /* Supporting Files */ = {
			isa = PBXGroup;
			children = (
				16F361F81B54D2CE0052DECA /* Info.plist */,
			);
			name = "Supporting Files";
			sourceTree = "<group>";
		};
		16F3620C1B54D2CE0052DECA /* AutoSwipeTests */ = {
			isa = PBXGroup;
			children = (
				16F3620F1B54D2CE0052DECA /* AutoSwipeTests.swift */,
				16F3620D1B54D2CE0052DECA /* Supporting Files */,
			);
			path = AutoSwipeTests;
			sourceTree = "<group>";
		};
		16F3620D1B54D2CE0052DECA /* Supporting Files */ = {
			isa = PBXGroup;
			children = (
				16F3620E1B54D2CE0052DECA /* Info.plist */,
			);
			name = "Supporting Files";
			sourceTree = "<group>";
		};
/* End PBXGroup section */

/* Begin PBXNativeTarget section */
		16F361F31B54D2CE0052DECA /* AutoSwipe */ = {
			isa = PBXNativeTarget;
			buildConfigurationList = 16F362131B54D2CE0052DECA /* Build configuration list for PBXNativeTarget "AutoSwipe" */;
			buildPhases = (
				16F361F01B54D2CE0052DECA /* Sources */,
				16F361F11B54D2CE0052DECA /* Frameworks */,
				16F361F21B54D2CE0052DECA /* Resources */,
			);
			buildRules = (
			);
			dependencies = (
			);
			name = AutoSwipe;
			productName = AutoSwipe;
			productReference = 16F361F41B54D2CE0052DECA /* AutoSwipe.app */;
			productType = "com.apple.product-type.application";
		};
		16F362081B54D2CE0052DECA /* AutoSwipeTests */ = {
			isa = PBXNativeTarget;
			buildConfigurationList = 16F362161B54D2CE0052DECA /* Build configuration list for PBXNativeTarget "AutoSwipeTests" */;
			buildPhases = (
				16F362051B54D2CE0052DECA /* Sources */,
				16F362061B54D2CE0052DECA /* Frameworks */,
				16F362071B54D2CE0052DECA /* Resources */,
			);
			buildRules = (
			);
			dependencies = (
				16F3620B1B54D2CE0052DECA /* PBXTargetDependency */,
			);
			name = AutoSwipeTests;
			productName = AutoSwipeTests;
			productReference = 16F362091B54D2CE0052DECA /* AutoSwipeTests.xctest */;
			productType = "com.apple.product-type.bundle.unit-test";
		};
/* End PBXNativeTarget section */

/* Begin PBXProject section */
		16F361EC1B54D2CE0052DECA /* Project object */ = {
			isa = PBXProject;
			attributes = {
				LastUpgradeCheck = 0630;
				ORGANIZATIONNAME = "Chris Talley";
				TargetAttributes = {
					16F361F31B54D2CE0052DECA = {
						CreatedOnToolsVersion = 6.3.2;
					};
					16F362081B54D2CE0052DECA = {
						CreatedOnToolsVersion = 6.3.2;
						TestTargetID = 16F361F31B54D2CE0052DECA;
					};
				};
			};
			buildConfigurationList = 16F361EF1B54D2CE0052DECA /* Build configuration list for PBXProject "AutoSwipe" */;
			compatibilityVersion = "Xcode 3.2";
			developmentRegion = English;
			hasScannedForEncodings = 0;
			knownRegions = (
				en,
				Base,
			);
			mainGroup = 16F361EB1B54D2CE0052DECA;
			productRefGroup = 16F361F51B54D2CE0052DECA /* Products */;
			projectDirPath = "";
			projectRoot = "";
			targets = (
				16F361F31B54D2CE0052DECA /* AutoSwipe */,
				16F362081B54D2CE0052DECA /* AutoSwipeTests */,
			);
		};
/* End PBXProject section */

/* Begin PBXResourcesBuildPhase section */
		16F361F21B54D2CE0052DECA /* Resources */ = {
			isa = PBXResourcesBuildPhase;
			buildActionMask = 2147483647;
			files = (
				16F362041B54D2CE0052DECA /* LaunchScreen.xib in Resources */,
				16F362011B54D2CE0052DECA /* Images.xcassets in Resources */,
				16F3621E1B54D4700052DECA /* HomeViewController.xib in Resources */,
			);
			runOnlyForDeploymentPostprocessing = 0;
		};
		16F362071B54D2CE0052DECA /* Resources */ = {
			isa = PBXResourcesBuildPhase;
			buildActionMask = 2147483647;
			files = (
			);
			runOnlyForDeploymentPostprocessing = 0;
		};
/* End PBXResourcesBuildPhase section */

/* Begin PBXSourcesBuildPhase section */
		16F361F01B54D2CE0052DECA /* Sources */ = {
			isa = PBXSourcesBuildPhase;
			buildActionMask = 2147483647;
			files = (
				16F361FA1B54D2CE0052DECA /* AppDelegate.swift in Sources */,
				16F3621D1B54D4700052DECA /* HomeViewController.swift in Sources */,
				16F362201B54D4700052DECA /* Card.swift in Sources */,
			);
			runOnlyForDeploymentPostprocessing = 0;
		};
		16F362051B54D2CE0052DECA /* Sources */ = {
			isa = PBXSourcesBuildPhase;
			buildActionMask = 2147483647;
			files = (
				16F362101B54D2CE0052DECA /* AutoSwipeTests.swift in Sources */,
			);
			runOnlyForDeploymentPostprocessing = 0;
		};
/* End PBXSourcesBuildPhase section */

/* Begin PBXTargetDependency section */
		16F3620B1B54D2CE0052DECA /* PBXTargetDependency */ = {
			isa = PBXTargetDependency;
			target = 16F361F31B54D2CE0052DECA /* AutoSwipe */;
			targetProxy = 16F3620A1B54D2CE0052DECA /* PBXContainerItemProxy */;
		};
/* End PBXTargetDependency section */

/* Begin PBXVariantGroup section */
		16F362021B54D2CE0052DECA /* LaunchScreen.xib */ = {
			isa = PBXVariantGroup;
			children = (
				16F362031B54D2CE0052DECA /* Base */,
			);
			name = LaunchScreen.xib;
			sourceTree = "<group>";
		};
/* End PBXVariantGroup section */

/* Begin XCBuildConfiguration section */
		16F362111B54D2CE0052DECA /* Debug */ = {
			isa = XCBuildConfiguration;
			buildSettings = {
				ALWAYS_SEARCH_USER_PATHS = NO;
				CLANG_CXX_LANGUAGE_STANDARD = "gnu++0x";
				CLANG_CXX_LIBRARY = "libc++";
				CLANG_ENABLE_MODULES = YES;
				CLANG_ENABLE_OBJC_ARC = YES;
				CLANG_WARN_BOOL_CONVERSION = YES;
				CLANG_WARN_CONSTANT_CONVERSION = YES;
				CLANG_WARN_DIRECT_OBJC_ISA_USAGE = YES_ERROR;
				CLANG_WARN_EMPTY_BODY = YES;
				CLANG_WARN_ENUM_CONVERSION = YES;
				CLANG_WARN_INT_CONVERSION = YES;
				CLANG_WARN_OBJC_ROOT_CLASS = YES_ERROR;
				CLANG_WARN_UNREACHABLE_CODE = YES;
				CLANG_WARN__DUPLICATE_METHOD_MATCH = YES;
				"CODE_SIGN_IDENTITY[sdk=iphoneos*]" = "iPhone Developer";
				COPY_PHASE_STRIP = NO;
				DEBUG_INFORMATION_FORMAT = "dwarf-with-dsym";
				ENABLE_STRICT_OBJC_MSGSEND = YES;
				GCC_C_LANGUAGE_STANDARD = gnu99;
				GCC_DYNAMIC_NO_PIC = NO;
				GCC_NO_COMMON_BLOCKS = YES;
				GCC_OPTIMIZATION_LEVEL = 0;
				GCC_PREPROCESSOR_DEFINITIONS = (
					"DEBUG=1",
					"$(inherited)",
				);
				GCC_SYMBOLS_PRIVATE_EXTERN = NO;
				GCC_WARN_64_TO_32_BIT_CONVERSION = YES;
				GCC_WARN_ABOUT_RETURN_TYPE = YES_ERROR;
				GCC_WARN_UNDECLARED_SELECTOR = YES;
				GCC_WARN_UNINITIALIZED_AUTOS = YES_AGGRESSIVE;
				GCC_WARN_UNUSED_FUNCTION = YES;
				GCC_WARN_UNUSED_VARIABLE = YES;
				IPHONEOS_DEPLOYMENT_TARGET = 8.3;
				MTL_ENABLE_DEBUG_INFO = YES;
				ONLY_ACTIVE_ARCH = YES;
				SDKROOT = iphoneos;
				SWIFT_OPTIMIZATION_LEVEL = "-Onone";
				TARGETED_DEVICE_FAMILY = "1,2";
			};
			name = Debug;
		};
		16F362121B54D2CE0052DECA /* Release */ = {
			isa = XCBuildConfiguration;
			buildSettings = {
				ALWAYS_SEARCH_USER_PATHS = NO;
				CLANG_CXX_LANGUAGE_STANDARD = "gnu++0x";
				CLANG_CXX_LIBRARY = "libc++";
				CLANG_ENABLE_MODULES = YES;
				CLANG_ENABLE_OBJC_ARC = YES;
				CLANG_WARN_BOOL_CONVERSION = YES;
				CLANG_WARN_CONSTANT_CONVERSION = YES;
				CLANG_WARN_DIRECT_OBJC_ISA_USAGE = YES_ERROR;
				CLANG_WARN_EMPTY_BODY = YES;
				CLANG_WARN_ENUM_CONVERSION = YES;
				CLANG_WARN_INT_CONVERSION = YES;
				CLANG_WARN_OBJC_ROOT_CLASS = YES_ERROR;
				CLANG_WARN_UNREACHABLE_CODE = YES;
				CLANG_WARN__DUPLICATE_METHOD_MATCH = YES;
				"CODE_SIGN_IDENTITY[sdk=iphoneos*]" = "iPhone Developer";
				COPY_PHASE_STRIP = NO;
				DEBUG_INFORMATION_FORMAT = "dwarf-with-dsym";
				ENABLE_NS_ASSERTIONS = NO;
				ENABLE_STRICT_OBJC_MSGSEND = YES;
				GCC_C_LANGUAGE_STANDARD = gnu99;
				GCC_NO_COMMON_BLOCKS = YES;
				GCC_WARN_64_TO_32_BIT_CONVERSION = YES;
				GCC_WARN_ABOUT_RETURN_TYPE = YES_ERROR;
				GCC_WARN_UNDECLARED_SELECTOR = YES;
				GCC_WARN_UNINITIALIZED_AUTOS = YES_AGGRESSIVE;
				GCC_WARN_UNUSED_FUNCTION = YES;
				GCC_WARN_UNUSED_VARIABLE = YES;
				IPHONEOS_DEPLOYMENT_TARGET = 8.3;
				MTL_ENABLE_DEBUG_INFO = NO;
				SDKROOT = iphoneos;
				TARGETED_DEVICE_FAMILY = "1,2";
				VALIDATE_PRODUCT = YES;
			};
			name = Release;
		};
		16F362141B54D2CE0052DECA /* Debug */ = {
			isa = XCBuildConfiguration;
			buildSettings = {
				ASSETCATALOG_COMPILER_APPICON_NAME = AppIcon;
				INFOPLIST_FILE = AutoSwipe/Info.plist;
				LD_RUNPATH_SEARCH_PATHS = "$(inherited) @executable_path/Frameworks";
				PRODUCT_NAME = "$(TARGET_NAME)";
			};
			name = Debug;
		};
		16F362151B54D2CE0052DECA /* Release */ = {
			isa = XCBuildConfiguration;
			buildSettings = {
				ASSETCATALOG_COMPILER_APPICON_NAME = AppIcon;
				INFOPLIST_FILE = AutoSwipe/Info.plist;
				LD_RUNPATH_SEARCH_PATHS = "$(inherited) @executable_path/Frameworks";
				PRODUCT_NAME = "$(TARGET_NAME)";
			};
			name = Release;
		};
		16F362171B54D2CE0052DECA /* Debug */ = {
			isa = XCBuildConfiguration;
			buildSettings = {
				BUNDLE_LOADER = "$(TEST_HOST)";
				FRAMEWORK_SEARCH_PATHS = (
					"$(SDKROOT)/Developer/Library/Frameworks",
					"$(inherited)",
				);
				GCC_PREPROCESSOR_DEFINITIONS = (
					"DEBUG=1",
					"$(inherited)",
				);
				INFOPLIST_FILE = AutoSwipeTests/Info.plist;
				LD_RUNPATH_SEARCH_PATHS = "$(inherited) @executable_path/Frameworks @loader_path/Frameworks";
				PRODUCT_NAME = "$(TARGET_NAME)";
				TEST_HOST = "$(BUILT_PRODUCTS_DIR)/AutoSwipe.app/AutoSwipe";
			};
			name = Debug;
		};
		16F362181B54D2CE0052DECA /* Release */ = {
			isa = XCBuildConfiguration;
			buildSettings = {
				BUNDLE_LOADER = "$(TEST_HOST)";
				FRAMEWORK_SEARCH_PATHS = (
					"$(SDKROOT)/Developer/Library/Frameworks",
					"$(inherited)",
				);
				INFOPLIST_FILE = AutoSwipeTests/Info.plist;
				LD_RUNPATH_SEARCH_PATHS = "$(inherited) @executable_path/Frameworks @loader_path/Frameworks";
				PRODUCT_NAME = "$(TARGET_NAME)";
				TEST_HOST = "$(BUILT_PRODUCTS_DIR)/AutoSwipe.app/AutoSwipe";
			};
			name = Release;
		};
/* End XCBuildConfiguration section */

/* Begin XCConfigurationList section */
		16F361EF1B54D2CE0052DECA /* Build configuration list for PBXProject "AutoSwipe" */ = {
			isa = XCConfigurationList;
			buildConfigurations = (
				16F362111B54D2CE0052DECA /* Debug */,
				16F362121B54D2CE0052DECA /* Release */,
			);
			defaultConfigurationIsVisible = 0;
			defaultConfigurationName = Release;
		};
		16F362131B54D2CE0052DECA /* Build configuration list for PBXNativeTarget "AutoSwipe" */ = {
			isa = XCConfigurationList;
			buildConfigurations = (
				16F362141B54D2CE0052DECA /* Debug */,
				16F362151B54D2CE0052DECA /* Release */,
			);
			defaultConfigurationIsVisible = 0;
		};
		16F362161B54D2CE0052DECA /* Build configuration list for PBXNativeTarget "AutoSwipeTests" */ = {
			isa = XCConfigurationList;
			buildConfigurations = (
				16F362171B54D2CE0052DECA /* Debug */,
				16F362181B54D2CE0052DECA /* Release */,
			);
			defaultConfigurationIsVisible = 0;
		};
/* End XCConfigurationList section */
	};
	rootObject = 16F361EC1B54D2CE0052DECA /* Project object */;
}
